{
  "name": "mongoose-uuid2",
  "version": "2.0.2",
  "lockfileVersion": 1,
  "requires": true,
  "dependencies": {
    "abbrev": {
      "version": "1.0.9",
      "resolved": "https://artifactory.mia.ucloud.int/artifactory/api/npm/npm/abbrev/-/abbrev-1.0.9.tgz",
      "integrity": "sha1-kbR5JYinc4wl813W9jdSovh3YTU=",
      "dev": true
    },
    "ajv": {
      "version": "5.5.2",
      "resolved": "https://artifactory.mia.ucloud.int/artifactory/api/npm/npm/ajv/-/ajv-5.5.2.tgz",
      "integrity": "sha1-c7Xuyj+rZT49P5Qis0GtQiBdyWU=",
      "dev": true,
      "requires": {
        "co": "4.6.0",
        "fast-deep-equal": "1.0.0",
        "fast-json-stable-stringify": "2.0.0",
        "json-schema-traverse": "0.3.1"
      }
    },
    "align-text": {
      "version": "0.1.4",
      "resolved": "https://artifactory.mia.ucloud.int/artifactory/api/npm/npm/align-text/-/align-text-0.1.4.tgz",
      "integrity": "sha1-DNkKVhCT810KmSVsIrcGlDP60Rc=",
      "dev": true,
      "requires": {
        "kind-of": "3.2.2",
        "longest": "1.0.1",
        "repeat-string": "1.6.1"
      }
    },
    "amdefine": {
      "version": "1.0.1",
      "resolved": "https://artifactory.mia.ucloud.int/artifactory/api/npm/npm/amdefine/-/amdefine-1.0.1.tgz",
      "integrity": "sha1-SlKCrBZHKek2Gbz9OtFR+BfOkfU=",
      "dev": true
    },
    "argparse": {
      "version": "1.0.9",
      "resolved": "https://artifactory.mia.ucloud.int/artifactory/api/npm/npm/argparse/-/argparse-1.0.9.tgz",
      "integrity": "sha1-c9g7wmP4bpf4zE9rrhsOkKfSLIY=",
      "dev": true,
      "requires": {
        "sprintf-js": "1.0.3"
      }
    },
    "asn1": {
      "version": "0.2.3",
      "resolved": "https://artifactory.mia.ucloud.int/artifactory/api/npm/npm/asn1/-/asn1-0.2.3.tgz",
      "integrity": "sha1-2sh4dxPJlmhJ/IGAd36+nB3fO4Y=",
      "dev": true
    },
    "assert-plus": {
      "version": "1.0.0",
      "resolved": "https://artifactory.mia.ucloud.int/artifactory/api/npm/npm/assert-plus/-/assert-plus-1.0.0.tgz",
      "integrity": "sha1-8S4PPF13sLHN2RRpQuTpbB5N1SU=",
      "dev": true
    },
    "assertion-error": {
      "version": "1.1.0",
      "resolved": "https://artifactory.mia.ucloud.int/artifactory/api/npm/npm/assertion-error/-/assertion-error-1.1.0.tgz",
      "integrity": "sha1-5gtrDo8wG9l+U3UhW9pAbIURjAs=",
      "dev": true
    },
    "async": {
      "version": "2.1.4",
      "resolved": "https://artifactory.mia.ucloud.int/artifactory/api/npm/npm/async/-/async-2.1.4.tgz",
      "integrity": "sha1-LSFgx3iAMuTdbL4lAvH5osj2zeQ=",
      "requires": {
        "lodash": "4.17.5"
      }
    },
    "asynckit": {
      "version": "0.4.0",
      "resolved": "https://artifactory.mia.ucloud.int/artifactory/api/npm/npm/asynckit/-/asynckit-0.4.0.tgz",
      "integrity": "sha1-x57Zf380y48robyXkLzDZkdLS3k=",
      "dev": true
    },
    "aws-sign2": {
      "version": "0.7.0",
      "resolved": "https://artifactory.mia.ucloud.int/artifactory/api/npm/npm/aws-sign2/-/aws-sign2-0.7.0.tgz",
      "integrity": "sha1-tG6JCTSpWR8tL2+G1+ap8bP+dqg=",
      "dev": true
    },
    "aws4": {
      "version": "1.6.0",
      "resolved": "https://artifactory.mia.ucloud.int/artifactory/api/npm/npm/aws4/-/aws4-1.6.0.tgz",
      "integrity": "sha1-g+9cqGCysy5KDe7e6MdxudtXRx4=",
      "dev": true
    },
    "balanced-match": {
      "version": "1.0.0",
      "resolved": "https://artifactory.mia.ucloud.int/artifactory/api/npm/npm/balanced-match/-/balanced-match-1.0.0.tgz",
      "integrity": "sha1-ibTRmasr7kneFk6gK4nORi1xt2c=",
      "dev": true
    },
    "bcrypt-pbkdf": {
      "version": "1.0.1",
      "resolved": "https://artifactory.mia.ucloud.int/artifactory/api/npm/npm/bcrypt-pbkdf/-/bcrypt-pbkdf-1.0.1.tgz",
      "integrity": "sha1-Y7xdy2EzG5K8Bf1SiVPDNGKgb40=",
      "dev": true,
      "optional": true,
      "requires": {
        "tweetnacl": "0.14.5"
      }
    },
    "bluebird": {
      "version": "3.5.0",
      "resolved": "https://artifactory.mia.ucloud.int/artifactory/api/npm/npm/bluebird/-/bluebird-3.5.0.tgz",
      "integrity": "sha1-eRQg1/VR7qKJdFOop3ZT+WYG1nw="
    },
    "boom": {
      "version": "4.3.1",
      "resolved": "https://artifactory.mia.ucloud.int/artifactory/api/npm/npm/boom/-/boom-4.3.1.tgz",
      "integrity": "sha1-T4owBctKfjiJ90kDD9JbluAdLjE=",
      "dev": true,
      "requires": {
        "hoek": "4.2.0"
      }
    },
    "brace-expansion": {
      "version": "1.1.8",
      "resolved": "https://artifactory.mia.ucloud.int/artifactory/api/npm/npm/brace-expansion/-/brace-expansion-1.1.8.tgz",
      "integrity": "sha1-wHshHHyVLsH479Uad+8NHTmQopI=",
      "dev": true,
      "requires": {
        "balanced-match": "1.0.0",
        "concat-map": "0.0.1"
      }
    },
    "browser-stdout": {
      "version": "1.3.0",
      "resolved": "https://artifactory.mia.ucloud.int/artifactory/api/npm/npm/browser-stdout/-/browser-stdout-1.3.0.tgz",
      "integrity": "sha1-81HTKWnTL6XXpVZxVCY9korjvR8=",
      "dev": true
    },
    "bson": {
      "version": "1.0.4",
      "resolved": "https://artifactory.mia.ucloud.int/artifactory/api/npm/npm/bson/-/bson-1.0.4.tgz",
      "integrity": "sha1-k8ENOeqltYQVy8QFLz5T5WKwtyw="
    },
    "camelcase": {
      "version": "1.2.1",
      "resolved": "https://artifactory.mia.ucloud.int/artifactory/api/npm/npm/camelcase/-/camelcase-1.2.1.tgz",
      "integrity": "sha1-m7UwTS4LVmmLLHWLCKPqqdqlijk=",
      "dev": true,
      "optional": true
    },
    "caseless": {
      "version": "0.12.0",
      "resolved": "https://artifactory.mia.ucloud.int/artifactory/api/npm/npm/caseless/-/caseless-0.12.0.tgz",
      "integrity": "sha1-G2gcIf+EAzyCZUMJBolCDRhxUdw=",
      "dev": true
    },
    "center-align": {
      "version": "0.1.3",
      "resolved": "https://artifactory.mia.ucloud.int/artifactory/api/npm/npm/center-align/-/center-align-0.1.3.tgz",
      "integrity": "sha1-qg0yYptu6XIgBBHL1EYckHvCt60=",
      "dev": true,
      "optional": true,
      "requires": {
        "align-text": "0.1.4",
        "lazy-cache": "1.0.4"
      }
    },
    "chai": {
      "version": "4.1.2",
      "resolved": "https://artifactory.mia.ucloud.int/artifactory/api/npm/npm/chai/-/chai-4.1.2.tgz",
      "integrity": "sha1-D2RYS6ZC8PKs4oBiefTwbKI61zw=",
      "dev": true,
      "requires": {
        "assertion-error": "1.1.0",
        "check-error": "1.0.2",
        "deep-eql": "3.0.1",
        "get-func-name": "2.0.0",
        "pathval": "1.1.0",
        "type-detect": "4.0.8"
      }
    },
    "check-error": {
      "version": "1.0.2",
      "resolved": "https://artifactory.mia.ucloud.int/artifactory/api/npm/npm/check-error/-/check-error-1.0.2.tgz",
      "integrity": "sha1-V00xLt2Iu13YkS6Sht1sCu1KrII=",
      "dev": true
    },
    "cliui": {
      "version": "2.1.0",
      "resolved": "https://artifactory.mia.ucloud.int/artifactory/api/npm/npm/cliui/-/cliui-2.1.0.tgz",
      "integrity": "sha1-S0dXYP+AJkx2LDoXGQMukcf+oNE=",
      "dev": true,
      "optional": true,
      "requires": {
        "center-align": "0.1.3",
        "right-align": "0.1.3",
        "wordwrap": "0.0.2"
      },
      "dependencies": {
        "wordwrap": {
          "version": "0.0.2",
          "resolved": "https://artifactory.mia.ucloud.int/artifactory/api/npm/npm/wordwrap/-/wordwrap-0.0.2.tgz",
          "integrity": "sha1-t5Zpu0LstAn4PVg8rVLKF+qhZD8=",
          "dev": true,
          "optional": true
        }
      }
    },
    "co": {
      "version": "4.6.0",
      "resolved": "https://artifactory.mia.ucloud.int/artifactory/api/npm/npm/co/-/co-4.6.0.tgz",
      "integrity": "sha1-bqa989hTrlTMuOR7+gvz+QMfsYQ=",
      "dev": true
    },
    "combined-stream": {
      "version": "1.0.5",
      "resolved": "https://artifactory.mia.ucloud.int/artifactory/api/npm/npm/combined-stream/-/combined-stream-1.0.5.tgz",
      "integrity": "sha1-k4NwpXtKUd6ix3wV1cX9+JUWQAk=",
      "dev": true,
      "requires": {
        "delayed-stream": "1.0.0"
      }
    },
    "commander": {
      "version": "2.11.0",
      "resolved": "https://artifactory.mia.ucloud.int/artifactory/api/npm/npm/commander/-/commander-2.11.0.tgz",
      "integrity": "sha1-FXFS/R56bI2YpbcVzzdt+SgARWM=",
      "dev": true
    },
    "concat-map": {
      "version": "0.0.1",
      "resolved": "https://artifactory.mia.ucloud.int/artifactory/api/npm/npm/concat-map/-/concat-map-0.0.1.tgz",
      "integrity": "sha1-2Klr13/Wjfd5OnMDajug1UBdR3s=",
      "dev": true
    },
    "core-util-is": {
      "version": "1.0.2",
      "resolved": "https://artifactory.mia.ucloud.int/artifactory/api/npm/npm/core-util-is/-/core-util-is-1.0.2.tgz",
      "integrity": "sha1-tf1UIgqivFq1eqtxQMlAdUUDwac=",
      "dev": true
    },
    "coveralls": {
      "version": "3.0.0",
      "resolved": "https://artifactory.mia.ucloud.int/artifactory/api/npm/npm/coveralls/-/coveralls-3.0.0.tgz",
      "integrity": "sha1-Iu9zAzBTgIDSm4wVHckUav3oipk=",
      "dev": true,
      "requires": {
        "js-yaml": "3.10.0",
        "lcov-parse": "0.0.10",
        "log-driver": "1.2.5",
        "minimist": "1.2.0",
        "request": "2.83.0"
      }
    },
    "cryptiles": {
      "version": "3.1.2",
      "resolved": "https://artifactory.mia.ucloud.int/artifactory/api/npm/npm/cryptiles/-/cryptiles-3.1.2.tgz",
      "integrity": "sha1-qJ+7Ig9c4l7FboxKqKT9e1sNKf4=",
      "dev": true,
      "requires": {
        "boom": "5.2.0"
      },
      "dependencies": {
        "boom": {
          "version": "5.2.0",
          "resolved": "https://artifactory.mia.ucloud.int/artifactory/api/npm/npm/boom/-/boom-5.2.0.tgz",
          "integrity": "sha1-XdnabuOl8wIHdDYpDLcX0/SlTgI=",
          "dev": true,
          "requires": {
            "hoek": "4.2.0"
          }
        }
      }
    },
    "dashdash": {
      "version": "1.14.1",
      "resolved": "https://artifactory.mia.ucloud.int/artifactory/api/npm/npm/dashdash/-/dashdash-1.14.1.tgz",
      "integrity": "sha1-hTz6D3y+L+1d4gMmuN1YEDX24vA=",
      "dev": true,
      "requires": {
        "assert-plus": "1.0.0"
      }
    },
    "debug": {
      "version": "3.1.0",
      "resolved": "https://artifactory.mia.ucloud.int/artifactory/api/npm/npm/debug/-/debug-3.1.0.tgz",
      "integrity": "sha1-W7WgZyYotkFJVmuhaBnmFRjGcmE=",
      "requires": {
        "ms": "2.0.0"
      }
    },
    "decamelize": {
      "version": "1.2.0",
      "resolved": "https://artifactory.mia.ucloud.int/artifactory/api/npm/npm/decamelize/-/decamelize-1.2.0.tgz",
      "integrity": "sha1-9lNNFRSCabIDUue+4m9QH5oZEpA=",
      "dev": true,
      "optional": true
    },
    "deep-eql": {
      "version": "3.0.1",
      "resolved": "https://artifactory.mia.ucloud.int/artifactory/api/npm/npm/deep-eql/-/deep-eql-3.0.1.tgz",
      "integrity": "sha1-38lARACtHI/gI+faHfHBR8S0RN8=",
      "dev": true,
      "requires": {
        "type-detect": "4.0.8"
      }
    },
    "deep-is": {
      "version": "0.1.3",
      "resolved": "https://artifactory.mia.ucloud.int/artifactory/api/npm/npm/deep-is/-/deep-is-0.1.3.tgz",
      "integrity": "sha1-s2nW+128E+7PUk+RsHD+7cNXzzQ=",
      "dev": true
    },
    "delayed-stream": {
      "version": "1.0.0",
      "resolved": "https://artifactory.mia.ucloud.int/artifactory/api/npm/npm/delayed-stream/-/delayed-stream-1.0.0.tgz",
      "integrity": "sha1-3zrhmayt+31ECqrgsp4icrJOxhk=",
      "dev": true
    },
    "diff": {
      "version": "3.3.1",
      "resolved": "https://artifactory.mia.ucloud.int/artifactory/api/npm/npm/diff/-/diff-3.3.1.tgz",
      "integrity": "sha1-qoVnpu7QPFMfyJ0/cRzQ5SWd7HU=",
      "dev": true
    },
    "ecc-jsbn": {
      "version": "0.1.1",
      "resolved": "https://artifactory.mia.ucloud.int/artifactory/api/npm/npm/ecc-jsbn/-/ecc-jsbn-0.1.1.tgz",
      "integrity": "sha1-D8c6ntXw1Tw4GTOYUj735UN3dQU=",
      "dev": true,
      "optional": true,
      "requires": {
        "jsbn": "0.1.1"
      }
    },
    "escape-string-regexp": {
      "version": "1.0.5",
      "resolved": "https://artifactory.mia.ucloud.int/artifactory/api/npm/npm/escape-string-regexp/-/escape-string-regexp-1.0.5.tgz",
      "integrity": "sha1-G2HAViGQqN/2rjuyzwIAyhMLhtQ=",
      "dev": true
    },
    "escodegen": {
      "version": "1.8.1",
      "resolved": "https://artifactory.mia.ucloud.int/artifactory/api/npm/npm/escodegen/-/escodegen-1.8.1.tgz",
      "integrity": "sha1-WltTr0aTEQvrsIZ6o0MN07cKEBg=",
      "dev": true,
      "requires": {
        "esprima": "2.7.3",
        "estraverse": "1.9.3",
        "esutils": "2.0.2",
        "optionator": "0.8.2",
        "source-map": "0.2.0"
      },
      "dependencies": {
        "esprima": {
          "version": "2.7.3",
          "resolved": "https://artifactory.mia.ucloud.int/artifactory/api/npm/npm/esprima/-/esprima-2.7.3.tgz",
          "integrity": "sha1-luO3DVd59q1JzQMmc9HDEnZ7pYE=",
          "dev": true
        }
      }
    },
    "esprima": {
      "version": "4.0.0",
      "resolved": "https://artifactory.mia.ucloud.int/artifactory/api/npm/npm/esprima/-/esprima-4.0.0.tgz",
      "integrity": "sha1-RJnt3NERDgshi6zy+n9/WfVcqAQ=",
      "dev": true
    },
    "estraverse": {
      "version": "1.9.3",
      "resolved": "https://artifactory.mia.ucloud.int/artifactory/api/npm/npm/estraverse/-/estraverse-1.9.3.tgz",
      "integrity": "sha1-r2fy3JIlgkFZUJJgkaQAXSnJu0Q=",
      "dev": true
    },
    "esutils": {
      "version": "2.0.2",
      "resolved": "https://artifactory.mia.ucloud.int/artifactory/api/npm/npm/esutils/-/esutils-2.0.2.tgz",
      "integrity": "sha1-Cr9PHKpbyx96nYrMbepPqqBLrJs=",
      "dev": true
    },
    "extend": {
      "version": "3.0.1",
      "resolved": "https://artifactory.mia.ucloud.int/artifactory/api/npm/npm/extend/-/extend-3.0.1.tgz",
      "integrity": "sha1-p1Xqe8Gt/MWjHOfnYtuq3F5jZEQ=",
      "dev": true
    },
    "extsprintf": {
      "version": "1.3.0",
      "resolved": "https://artifactory.mia.ucloud.int/artifactory/api/npm/npm/extsprintf/-/extsprintf-1.3.0.tgz",
      "integrity": "sha1-lpGEQOMEGnpBT4xS48V06zw+HgU=",
      "dev": true
    },
    "fast-deep-equal": {
      "version": "1.0.0",
      "resolved": "https://artifactory.mia.ucloud.int/artifactory/api/npm/npm/fast-deep-equal/-/fast-deep-equal-1.0.0.tgz",
      "integrity": "sha1-liVqO8l1WV6zbYLpkp0GDYk0Of8=",
      "dev": true
    },
    "fast-json-stable-stringify": {
      "version": "2.0.0",
      "resolved": "https://artifactory.mia.ucloud.int/artifactory/api/npm/npm/fast-json-stable-stringify/-/fast-json-stable-stringify-2.0.0.tgz",
      "integrity": "sha1-1RQsDK7msRifh9OnYREGT4bIu/I=",
      "dev": true
    },
    "fast-levenshtein": {
      "version": "2.0.6",
      "resolved": "https://artifactory.mia.ucloud.int/artifactory/api/npm/npm/fast-levenshtein/-/fast-levenshtein-2.0.6.tgz",
      "integrity": "sha1-PYpcZog6FqMMqGQ+hR8Zuqd5eRc=",
      "dev": true
    },
    "forever-agent": {
      "version": "0.6.1",
      "resolved": "https://artifactory.mia.ucloud.int/artifactory/api/npm/npm/forever-agent/-/forever-agent-0.6.1.tgz",
      "integrity": "sha1-+8cfDEGt6zf5bFd60e1C2P2sypE=",
      "dev": true
    },
    "form-data": {
      "version": "2.3.1",
      "resolved": "https://artifactory.mia.ucloud.int/artifactory/api/npm/npm/form-data/-/form-data-2.3.1.tgz",
      "integrity": "sha1-b7lPvXGIUwbXPRXMSX/kzE7NRL8=",
      "dev": true,
      "requires": {
        "asynckit": "0.4.0",
        "combined-stream": "1.0.5",
        "mime-types": "2.1.17"
      }
    },
    "fs.realpath": {
      "version": "1.0.0",
      "resolved": "https://artifactory.mia.ucloud.int/artifactory/api/npm/npm/fs.realpath/-/fs.realpath-1.0.0.tgz",
      "integrity": "sha1-FQStJSMVjKpA20onh8sBQRmU6k8=",
      "dev": true
    },
    "get-func-name": {
      "version": "2.0.0",
      "resolved": "https://artifactory.mia.ucloud.int/artifactory/api/npm/npm/get-func-name/-/get-func-name-2.0.0.tgz",
      "integrity": "sha1-6td0q+5y4gQJQzoGY2YCPdaIekE=",
      "dev": true
    },
    "getpass": {
      "version": "0.1.7",
      "resolved": "https://artifactory.mia.ucloud.int/artifactory/api/npm/npm/getpass/-/getpass-0.1.7.tgz",
      "integrity": "sha1-Xv+OPmhNVprkyysSgmBOi6YhSfo=",
      "dev": true,
      "requires": {
        "assert-plus": "1.0.0"
      }
    },
    "glob": {
      "version": "5.0.15",
      "resolved": "https://artifactory.mia.ucloud.int/artifactory/api/npm/npm/glob/-/glob-5.0.15.tgz",
      "integrity": "sha1-G8k2ueAvSmA/zCIuz3Yz0wuLk7E=",
      "dev": true,
      "requires": {
        "inflight": "1.0.6",
        "inherits": "2.0.3",
        "minimatch": "3.0.4",
        "once": "1.4.0",
        "path-is-absolute": "1.0.1"
      }
    },
    "growl": {
      "version": "1.10.3",
      "resolved": "https://artifactory.mia.ucloud.int/artifactory/api/npm/npm/growl/-/growl-1.10.3.tgz",
      "integrity": "sha1-GSa6kM8+3+KttJJ/WIC8IsZseQ8=",
      "dev": true
    },
    "handlebars": {
      "version": "4.0.11",
      "resolved": "https://artifactory.mia.ucloud.int/artifactory/api/npm/npm/handlebars/-/handlebars-4.0.11.tgz",
      "integrity": "sha1-Ywo13+ApS8KB7a5v/F0yn8eYLcw=",
      "dev": true,
      "requires": {
        "async": "1.5.2",
        "optimist": "0.6.1",
        "source-map": "0.4.4",
        "uglify-js": "2.8.29"
      },
      "dependencies": {
        "async": {
          "version": "1.5.2",
          "resolved": "https://artifactory.mia.ucloud.int/artifactory/api/npm/npm/async/-/async-1.5.2.tgz",
          "integrity": "sha1-7GphrlZIDAw8skHJVhjiCJL5Zyo=",
          "dev": true
        },
        "source-map": {
          "version": "0.4.4",
          "resolved": "https://artifactory.mia.ucloud.int/artifactory/api/npm/npm/source-map/-/source-map-0.4.4.tgz",
          "integrity": "sha1-66T12pwNyZneaAMti092FzZSA2s=",
          "dev": true,
          "requires": {
            "amdefine": "1.0.1"
          }
        }
      }
    },
    "har-schema": {
      "version": "2.0.0",
      "resolved": "https://artifactory.mia.ucloud.int/artifactory/api/npm/npm/har-schema/-/har-schema-2.0.0.tgz",
      "integrity": "sha1-qUwiJOvKwEeCoNkDVSHyRzW37JI=",
      "dev": true
    },
    "har-validator": {
      "version": "5.0.3",
      "resolved": "https://artifactory.mia.ucloud.int/artifactory/api/npm/npm/har-validator/-/har-validator-5.0.3.tgz",
      "integrity": "sha1-ukAsJmGU8VlW7xXg/PJCmT9qff0=",
      "dev": true,
      "requires": {
        "ajv": "5.5.2",
        "har-schema": "2.0.0"
      }
    },
    "has-flag": {
      "version": "1.0.0",
      "resolved": "https://artifactory.mia.ucloud.int/artifactory/api/npm/npm/has-flag/-/has-flag-1.0.0.tgz",
      "integrity": "sha1-nZ55MWXOAXoA8AQYxD+UKnsdEfo=",
      "dev": true
    },
    "hawk": {
      "version": "6.0.2",
      "resolved": "https://artifactory.mia.ucloud.int/artifactory/api/npm/npm/hawk/-/hawk-6.0.2.tgz",
      "integrity": "sha1-r02RTrBl+bXOTZ0RwcshJu7MMDg=",
      "dev": true,
      "requires": {
        "boom": "4.3.1",
        "cryptiles": "3.1.2",
        "hoek": "4.2.0",
        "sntp": "2.1.0"
      }
    },
    "he": {
      "version": "1.1.1",
      "resolved": "https://artifactory.mia.ucloud.int/artifactory/api/npm/npm/he/-/he-1.1.1.tgz",
      "integrity": "sha1-k0EP0hsAlzUVH4howvJx80J+I/0=",
      "dev": true
    },
    "hoek": {
      "version": "4.2.0",
      "resolved": "https://artifactory.mia.ucloud.int/artifactory/api/npm/npm/hoek/-/hoek-4.2.0.tgz",
      "integrity": "sha1-ctnQdU9/4lyi0BrY+PmpRJqJUm0=",
      "dev": true
    },
    "http-signature": {
      "version": "1.2.0",
      "resolved": "https://artifactory.mia.ucloud.int/artifactory/api/npm/npm/http-signature/-/http-signature-1.2.0.tgz",
      "integrity": "sha1-muzZJRFHcvPZW2WmCruPfBj7rOE=",
      "dev": true,
      "requires": {
        "assert-plus": "1.0.0",
        "jsprim": "1.4.1",
        "sshpk": "1.13.1"
      }
    },
    "inflight": {
      "version": "1.0.6",
      "resolved": "https://artifactory.mia.ucloud.int/artifactory/api/npm/npm/inflight/-/inflight-1.0.6.tgz",
      "integrity": "sha1-Sb1jMdfQLQwJvJEKEHW6gWW1bfk=",
      "dev": true,
      "requires": {
        "once": "1.4.0",
        "wrappy": "1.0.2"
      }
    },
    "inherits": {
      "version": "2.0.3",
      "resolved": "https://artifactory.mia.ucloud.int/artifactory/api/npm/npm/inherits/-/inherits-2.0.3.tgz",
      "integrity": "sha1-Yzwsg+PaQqUC9SRmAiSA9CCCYd4=",
      "dev": true
    },
    "is-buffer": {
      "version": "1.1.6",
      "resolved": "https://artifactory.mia.ucloud.int/artifactory/api/npm/npm/is-buffer/-/is-buffer-1.1.6.tgz",
      "integrity": "sha1-76ouqdqg16suoTqXsritUf776L4=",
      "dev": true
    },
    "is-typedarray": {
      "version": "1.0.0",
      "resolved": "https://artifactory.mia.ucloud.int/artifactory/api/npm/npm/is-typedarray/-/is-typedarray-1.0.0.tgz",
      "integrity": "sha1-5HnICFjfDBsR3dppQPlgEfzaSpo=",
      "dev": true
    },
    "isexe": {
      "version": "2.0.0",
      "resolved": "https://artifactory.mia.ucloud.int/artifactory/api/npm/npm/isexe/-/isexe-2.0.0.tgz",
      "integrity": "sha1-6PvzdNxVb/iUehDcsFctYz8s+hA=",
      "dev": true
    },
    "isstream": {
      "version": "0.1.2",
      "resolved": "https://artifactory.mia.ucloud.int/artifactory/api/npm/npm/isstream/-/isstream-0.1.2.tgz",
      "integrity": "sha1-R+Y/evVa+m+S4VAOaQ64uFKcCZo=",
      "dev": true
    },
    "istanbul": {
      "version": "0.4.5",
      "resolved": "https://artifactory.mia.ucloud.int/artifactory/api/npm/npm/istanbul/-/istanbul-0.4.5.tgz",
      "integrity": "sha1-ZcfXPUxNqE1POsMQuRj7C4Azczs=",
      "dev": true,
      "requires": {
        "abbrev": "1.0.9",
        "async": "1.5.2",
        "escodegen": "1.8.1",
        "esprima": "2.7.3",
        "glob": "5.0.15",
        "handlebars": "4.0.11",
        "js-yaml": "3.10.0",
        "mkdirp": "0.5.1",
        "nopt": "3.0.6",
        "once": "1.4.0",
        "resolve": "1.1.7",
        "supports-color": "3.2.3",
        "which": "1.3.0",
        "wordwrap": "1.0.0"
      },
      "dependencies": {
        "async": {
          "version": "1.5.2",
          "resolved": "https://artifactory.mia.ucloud.int/artifactory/api/npm/npm/async/-/async-1.5.2.tgz",
          "integrity": "sha1-7GphrlZIDAw8skHJVhjiCJL5Zyo=",
          "dev": true
        },
        "esprima": {
          "version": "2.7.3",
          "resolved": "https://artifactory.mia.ucloud.int/artifactory/api/npm/npm/esprima/-/esprima-2.7.3.tgz",
          "integrity": "sha1-luO3DVd59q1JzQMmc9HDEnZ7pYE=",
          "dev": true
        }
      }
    },
    "js-yaml": {
      "version": "3.10.0",
      "resolved": "https://artifactory.mia.ucloud.int/artifactory/api/npm/npm/js-yaml/-/js-yaml-3.10.0.tgz",
      "integrity": "sha1-LnhEFka9RoLpY/IrbpKCPDCcYtw=",
      "dev": true,
      "requires": {
        "argparse": "1.0.9",
        "esprima": "4.0.0"
      }
    },
    "jsbn": {
      "version": "0.1.1",
      "resolved": "https://artifactory.mia.ucloud.int/artifactory/api/npm/npm/jsbn/-/jsbn-0.1.1.tgz",
      "integrity": "sha1-peZUwuWi3rXyAdls77yoDA7y9RM=",
      "dev": true,
      "optional": true
    },
    "json-schema": {
      "version": "0.2.3",
      "resolved": "https://artifactory.mia.ucloud.int/artifactory/api/npm/npm/json-schema/-/json-schema-0.2.3.tgz",
      "integrity": "sha1-tIDIkuWaLwWVTOcnvT8qTogvnhM=",
      "dev": true
    },
    "json-schema-traverse": {
      "version": "0.3.1",
      "resolved": "https://artifactory.mia.ucloud.int/artifactory/api/npm/npm/json-schema-traverse/-/json-schema-traverse-0.3.1.tgz",
      "integrity": "sha1-NJptRMU6Ud6JtAgFxdXlm0F9M0A=",
      "dev": true
    },
    "json-stringify-safe": {
      "version": "5.0.1",
      "resolved": "https://artifactory.mia.ucloud.int/artifactory/api/npm/npm/json-stringify-safe/-/json-stringify-safe-5.0.1.tgz",
      "integrity": "sha1-Epai1Y/UXxmg9s4B1lcB4sc1tus=",
      "dev": true
    },
    "jsprim": {
      "version": "1.4.1",
      "resolved": "https://artifactory.mia.ucloud.int/artifactory/api/npm/npm/jsprim/-/jsprim-1.4.1.tgz",
      "integrity": "sha1-MT5mvB5cwG5Di8G3SZwuXFastqI=",
      "dev": true,
      "requires": {
        "assert-plus": "1.0.0",
        "extsprintf": "1.3.0",
        "json-schema": "0.2.3",
        "verror": "1.10.0"
      }
    },
    "kareem": {
      "version": "2.0.3",
      "resolved": "https://artifactory.mia.ucloud.int/artifactory/api/npm/npm/kareem/-/kareem-2.0.3.tgz",
      "integrity": "sha1-0Fx612sEW8UMGXss0T0tHvVnEHA="
    },
    "kind-of": {
      "version": "3.2.2",
      "resolved": "https://artifactory.mia.ucloud.int/artifactory/api/npm/npm/kind-of/-/kind-of-3.2.2.tgz",
      "integrity": "sha1-MeohpzS6ubuw8yRm2JOupR5KPGQ=",
      "dev": true,
      "requires": {
        "is-buffer": "1.1.6"
      }
    },
    "lazy-cache": {
      "version": "1.0.4",
      "resolved": "https://artifactory.mia.ucloud.int/artifactory/api/npm/npm/lazy-cache/-/lazy-cache-1.0.4.tgz",
      "integrity": "sha1-odePw6UEdMuAhF07O24dpJpEbo4=",
      "dev": true,
      "optional": true
    },
    "lcov-parse": {
      "version": "0.0.10",
      "resolved": "https://artifactory.mia.ucloud.int/artifactory/api/npm/npm/lcov-parse/-/lcov-parse-0.0.10.tgz",
      "integrity": "sha1-GwuP+ayceIklBYK3C3ExXZ2m2aM=",
      "dev": true
    },
    "levn": {
      "version": "0.3.0",
      "resolved": "https://artifactory.mia.ucloud.int/artifactory/api/npm/npm/levn/-/levn-0.3.0.tgz",
      "integrity": "sha1-OwmSTt+fCDwEkP3UwLxEIeBHZO4=",
      "dev": true,
      "requires": {
        "prelude-ls": "1.1.2",
        "type-check": "0.3.2"
      }
    },
    "lodash": {
      "version": "4.17.5",
      "resolved": "https://artifactory.mia.ucloud.int/artifactory/api/npm/npm/lodash/-/lodash-4.17.5.tgz",
      "integrity": "sha1-maktZcAnLevoyWtgV7yPv6O+1RE="
    },
    "lodash.get": {
      "version": "4.4.2",
      "resolved": "https://artifactory.mia.ucloud.int/artifactory/api/npm/npm/lodash.get/-/lodash.get-4.4.2.tgz",
      "integrity": "sha1-LRd/ZS+jHpObRDjVNBSZ36OCXpk="
    },
    "log-driver": {
      "version": "1.2.5",
      "resolved": "https://artifactory.mia.ucloud.int/artifactory/api/npm/npm/log-driver/-/log-driver-1.2.5.tgz",
      "integrity": "sha1-euTsJXMC/XkNVXyxDJcQDYV7AFY=",
      "dev": true
    },
    "longest": {
      "version": "1.0.1",
      "resolved": "https://artifactory.mia.ucloud.int/artifactory/api/npm/npm/longest/-/longest-1.0.1.tgz",
      "integrity": "sha1-MKCy2jj3N3DoKUoNIuZiXtd9AJc=",
      "dev": true
    },
    "mime-db": {
      "version": "1.30.0",
      "resolved": "https://artifactory.mia.ucloud.int/artifactory/api/npm/npm/mime-db/-/mime-db-1.30.0.tgz",
      "integrity": "sha1-dMZD2i3Z1qRTmZY0ZbJtXKfXHwE=",
      "dev": true
    },
    "mime-types": {
      "version": "2.1.17",
      "resolved": "https://artifactory.mia.ucloud.int/artifactory/api/npm/npm/mime-types/-/mime-types-2.1.17.tgz",
      "integrity": "sha1-Cdejk/A+mVp5+K+Fe3Cp4KsWVXo=",
      "dev": true,
      "requires": {
        "mime-db": "1.30.0"
      }
    },
    "minimatch": {
      "version": "3.0.4",
      "resolved": "https://artifactory.mia.ucloud.int/artifactory/api/npm/npm/minimatch/-/minimatch-3.0.4.tgz",
      "integrity": "sha1-UWbihkV/AzBgZL5Ul+jbsMPTIIM=",
      "dev": true,
      "requires": {
        "brace-expansion": "1.1.8"
      }
    },
    "minimist": {
      "version": "1.2.0",
      "resolved": "https://artifactory.mia.ucloud.int/artifactory/api/npm/npm/minimist/-/minimist-1.2.0.tgz",
      "integrity": "sha1-o1AIsg9BOD7sH7kU9M1d95omQoQ=",
      "dev": true
    },
    "mkdirp": {
      "version": "0.5.1",
      "resolved": "https://artifactory.mia.ucloud.int/artifactory/api/npm/npm/mkdirp/-/mkdirp-0.5.1.tgz",
      "integrity": "sha1-MAV0OOrGz3+MR2fzhkjWaX11yQM=",
      "dev": true,
      "requires": {
        "minimist": "0.0.8"
      },
      "dependencies": {
        "minimist": {
          "version": "0.0.8",
          "resolved": "https://artifactory.mia.ucloud.int/artifactory/api/npm/npm/minimist/-/minimist-0.0.8.tgz",
          "integrity": "sha1-hX/Kv8M5fSYluCKCYuhqp6ARsF0=",
          "dev": true
        }
      }
    },
    "mocha": {
      "version": "5.0.0",
      "resolved": "https://artifactory.mia.ucloud.int/artifactory/api/npm/npm/mocha/-/mocha-5.0.0.tgz",
      "integrity": "sha1-zMrJiLC8VHcRnLoOQ9569tatj04=",
      "dev": true,
      "requires": {
        "browser-stdout": "1.3.0",
        "commander": "2.11.0",
        "debug": "3.1.0",
        "diff": "3.3.1",
        "escape-string-regexp": "1.0.5",
        "glob": "7.1.2",
        "growl": "1.10.3",
        "he": "1.1.1",
        "mkdirp": "0.5.1",
        "supports-color": "4.4.0"
      },
      "dependencies": {
        "glob": {
          "version": "7.1.2",
          "resolved": "https://artifactory.mia.ucloud.int/artifactory/api/npm/npm/glob/-/glob-7.1.2.tgz",
          "integrity": "sha1-wZyd+aAocC1nhhI4SmVSQExjbRU=",
          "dev": true,
          "requires": {
            "fs.realpath": "1.0.0",
            "inflight": "1.0.6",
            "inherits": "2.0.3",
            "minimatch": "3.0.4",
            "once": "1.4.0",
            "path-is-absolute": "1.0.1"
          }
        },
        "has-flag": {
          "version": "2.0.0",
          "resolved": "https://artifactory.mia.ucloud.int/artifactory/api/npm/npm/has-flag/-/has-flag-2.0.0.tgz",
          "integrity": "sha1-6CB68cx7MNRGzHC3NLXovhj4jVE=",
          "dev": true
        },
        "supports-color": {
          "version": "4.4.0",
          "resolved": "https://artifactory.mia.ucloud.int/artifactory/api/npm/npm/supports-color/-/supports-color-4.4.0.tgz",
          "integrity": "sha1-iD992rwWUUKyphQn8zUt7RldGj4=",
          "dev": true,
          "requires": {
            "has-flag": "2.0.0"
          }
        }
      }
    },
    "mongodb": {
      "version": "3.0.2",
      "resolved": "https://artifactory.mia.ucloud.int/artifactory/api/npm/npm/mongodb/-/mongodb-3.0.2.tgz",
      "integrity": "sha1-KBcjAu1Ok4jYCR4sxGGAV+b13rw=",
      "requires": {
        "mongodb-core": "3.0.2"
      }
    },
    "mongodb-core": {
      "version": "3.0.2",
      "resolved": "https://artifactory.mia.ucloud.int/artifactory/api/npm/npm/mongodb-core/-/mongodb-core-3.0.2.tgz",
      "integrity": "sha1-kUiWCS3UVCfZpPmKeZegv7gdFjs=",
      "requires": {
        "bson": "1.0.4",
        "require_optional": "1.0.1"
      },
      "dependencies": {
        "bson": {
          "version": "1.0.4",
          "resolved": "https://artifactory.mia.ucloud.int/artifactory/api/npm/npm/bson/-/bson-1.0.4.tgz",
          "integrity": "sha1-k8ENOeqltYQVy8QFLz5T5WKwtyw="
        }
      }
    },
    "mongoose": {
      "version": "5.0.3",
      "resolved": "https://artifactory.mia.ucloud.int/artifactory/api/npm/npm/mongoose/-/mongoose-5.0.3.tgz",
      "integrity": "sha1-4yDGKfpE5K+6HYtKyGX5pM6n8Vc=",
      "requires": {
        "async": "2.1.4",
        "bson": "1.0.4",
        "kareem": "2.0.3",
        "lodash.get": "4.4.2",
        "mongodb": "3.0.2",
        "mongoose-legacy-pluralize": "1.0.2",
        "mpath": "0.3.0",
        "mquery": "3.0.0",
        "ms": "2.0.0",
        "regexp-clone": "0.0.1",
        "sliced": "1.0.1"
      },
      "dependencies": {
        "bson": {
          "version": "1.0.4",
          "resolved": "https://artifactory.mia.ucloud.int/artifactory/api/npm/npm/bson/-/bson-1.0.4.tgz",
          "integrity": "sha1-k8ENOeqltYQVy8QFLz5T5WKwtyw="
        }
      }
    },
    "mongoose-legacy-pluralize": {
      "version": "1.0.2",
      "resolved": "https://artifactory.mia.ucloud.int/artifactory/api/npm/npm/mongoose-legacy-pluralize/-/mongoose-legacy-pluralize-1.0.2.tgz",
      "integrity": "sha1-O6n5H6UHtRhtOZ+0CFS/8Y+1Y+Q="
    },
    "mpath": {
      "version": "0.3.0",
      "resolved": "https://artifactory.mia.ucloud.int/artifactory/api/npm/npm/mpath/-/mpath-0.3.0.tgz",
      "integrity": "sha1-elj3iem1/TyUUgY0FXlg8mvV70Q="
    },
    "mquery": {
      "version": "3.0.0",
      "resolved": "https://artifactory.mia.ucloud.int/artifactory/api/npm/npm/mquery/-/mquery-3.0.0.tgz",
      "integrity": "sha1-5fOH26vAubaYWeVQ6BD6q+DOq7A=",
      "requires": {
        "bluebird": "3.5.0",
        "debug": "2.6.9",
        "regexp-clone": "0.0.1",
        "sliced": "0.0.5"
      },
      "dependencies": {
        "debug": {
          "version": "2.6.9",
          "resolved": "https://artifactory.mia.ucloud.int/artifactory/api/npm/npm/debug/-/debug-2.6.9.tgz",
          "integrity": "sha1-XRKFFd8TT/Mn6QpMk/Tgd6U2NB8=",
          "requires": {
            "ms": "2.0.0"
          }
        },
        "sliced": {
          "version": "0.0.5",
          "resolved": "https://artifactory.mia.ucloud.int/artifactory/api/npm/npm/sliced/-/sliced-0.0.5.tgz",
          "integrity": "sha1-XtwETKTrb3gW1Qui/GPiXY/kcH8="
        }
      }
    },
    "ms": {
      "version": "2.0.0",
      "resolved": "https://artifactory.mia.ucloud.int/artifactory/api/npm/npm/ms/-/ms-2.0.0.tgz",
      "integrity": "sha1-VgiurfwAvmwpAd9fmGF4jeDVl8g="
    },
    "node-uuid": {
      "version": "1.4.8",
      "resolved": "https://artifactory.mia.ucloud.int/artifactory/api/npm/npm/node-uuid/-/node-uuid-1.4.8.tgz",
      "integrity": "sha1-sEDrCSOWivq/jTL7HxfxFn/auQc="
    },
    "nopt": {
      "version": "3.0.6",
      "resolved": "https://artifactory.mia.ucloud.int/artifactory/api/npm/npm/nopt/-/nopt-3.0.6.tgz",
      "integrity": "sha1-xkZdvwirzU2zWTF/eaxopkayj/k=",
      "dev": true,
      "requires": {
        "abbrev": "1.0.9"
      }
    },
    "oauth-sign": {
      "version": "0.8.2",
      "resolved": "https://artifactory.mia.ucloud.int/artifactory/api/npm/npm/oauth-sign/-/oauth-sign-0.8.2.tgz",
      "integrity": "sha1-Rqarfwrq2N6unsBWV4C31O/rnUM=",
      "dev": true
    },
    "once": {
      "version": "1.4.0",
      "resolved": "https://artifactory.mia.ucloud.int/artifactory/api/npm/npm/once/-/once-1.4.0.tgz",
      "integrity": "sha1-WDsap3WWHUsROsF9nFC6753Xa9E=",
      "dev": true,
      "requires": {
        "wrappy": "1.0.2"
      }
    },
    "optimist": {
      "version": "0.6.1",
      "resolved": "https://artifactory.mia.ucloud.int/artifactory/api/npm/npm/optimist/-/optimist-0.6.1.tgz",
      "integrity": "sha1-2j6nRob6IaGaERwybpDrFaAZZoY=",
      "dev": true,
      "requires": {
        "minimist": "0.0.10",
        "wordwrap": "0.0.3"
      },
      "dependencies": {
        "minimist": {
          "version": "0.0.10",
          "resolved": "https://artifactory.mia.ucloud.int/artifactory/api/npm/npm/minimist/-/minimist-0.0.10.tgz",
          "integrity": "sha1-3j+YVD2/lggr5IrRoMfNqDYwHc8=",
          "dev": true
        },
        "wordwrap": {
          "version": "0.0.3",
          "resolved": "https://artifactory.mia.ucloud.int/artifactory/api/npm/npm/wordwrap/-/wordwrap-0.0.3.tgz",
          "integrity": "sha1-o9XabNXAvAAI03I0u68b7WMFkQc=",
          "dev": true
        }
      }
    },
    "optionator": {
      "version": "0.8.2",
      "resolved": "https://artifactory.mia.ucloud.int/artifactory/api/npm/npm/optionator/-/optionator-0.8.2.tgz",
      "integrity": "sha1-NkxeQJ0/TWMB1sC0wFu6UBgK62Q=",
      "dev": true,
      "requires": {
        "deep-is": "0.1.3",
        "fast-levenshtein": "2.0.6",
        "levn": "0.3.0",
        "prelude-ls": "1.1.2",
        "type-check": "0.3.2",
        "wordwrap": "1.0.0"
      }
    },
    "path-is-absolute": {
      "version": "1.0.1",
      "resolved": "https://artifactory.mia.ucloud.int/artifactory/api/npm/npm/path-is-absolute/-/path-is-absolute-1.0.1.tgz",
      "integrity": "sha1-F0uSaHNVNP+8es5r9TpanhtcX18=",
      "dev": true
    },
    "pathval": {
      "version": "1.1.0",
      "resolved": "https://artifactory.mia.ucloud.int/artifactory/api/npm/npm/pathval/-/pathval-1.1.0.tgz",
      "integrity": "sha1-uULm1L3mUwBe9rcTYd74cn0GReA=",
      "dev": true
    },
    "performance-now": {
      "version": "2.1.0",
      "resolved": "https://artifactory.mia.ucloud.int/artifactory/api/npm/npm/performance-now/-/performance-now-2.1.0.tgz",
      "integrity": "sha1-Ywn04OX6kT7BxpMHrjZLSzd8nns=",
      "dev": true
    },
    "prelude-ls": {
      "version": "1.1.2",
      "resolved": "https://artifactory.mia.ucloud.int/artifactory/api/npm/npm/prelude-ls/-/prelude-ls-1.1.2.tgz",
      "integrity": "sha1-IZMqVJ9eUv/ZqCf1cOBL5iqX2lQ=",
      "dev": true
    },
    "punycode": {
      "version": "1.4.1",
      "resolved": "https://artifactory.mia.ucloud.int/artifactory/api/npm/npm/punycode/-/punycode-1.4.1.tgz",
      "integrity": "sha1-wNWmOycYgArY4esPpSachN1BhF4=",
      "dev": true
    },
    "qs": {
      "version": "6.5.1",
      "resolved": "https://artifactory.mia.ucloud.int/artifactory/api/npm/npm/qs/-/qs-6.5.1.tgz",
      "integrity": "sha1-NJzfbu+J7EXBLX1es/wMhwNDptg=",
      "dev": true
    },
    "regexp-clone": {
      "version": "0.0.1",
      "resolved": "https://artifactory.mia.ucloud.int/artifactory/api/npm/npm/regexp-clone/-/regexp-clone-0.0.1.tgz",
      "integrity": "sha1-p8LgmJH9vzj7sQ03b7cwA+aKxYk="
    },
    "repeat-string": {
      "version": "1.6.1",
      "resolved": "https://artifactory.mia.ucloud.int/artifactory/api/npm/npm/repeat-string/-/repeat-string-1.6.1.tgz",
      "integrity": "sha1-jcrkcOHIirwtYA//Sndihtp15jc=",
      "dev": true
    },
    "request": {
      "version": "2.83.0",
      "resolved": "https://artifactory.mia.ucloud.int/artifactory/api/npm/npm/request/-/request-2.83.0.tgz",
      "integrity": "sha1-ygtl2gLtYpNYh4COb1EDgQNOM1Y=",
      "dev": true,
      "requires": {
        "aws-sign2": "0.7.0",
        "aws4": "1.6.0",
        "caseless": "0.12.0",
        "combined-stream": "1.0.5",
        "extend": "3.0.1",
        "forever-agent": "0.6.1",
        "form-data": "2.3.1",
        "har-validator": "5.0.3",
        "hawk": "6.0.2",
        "http-signature": "1.2.0",
        "is-typedarray": "1.0.0",
        "isstream": "0.1.2",
        "json-stringify-safe": "5.0.1",
        "mime-types": "2.1.17",
        "oauth-sign": "0.8.2",
        "performance-now": "2.1.0",
        "qs": "6.5.1",
        "safe-buffer": "5.1.1",
        "stringstream": "0.0.5",
        "tough-cookie": "2.3.3",
        "tunnel-agent": "0.6.0",
        "uuid": "3.2.1"
      }
    },
    "require_optional": {
      "version": "1.0.1",
      "resolved": "https://artifactory.mia.ucloud.int/artifactory/api/npm/npm/require_optional/-/require_optional-1.0.1.tgz",
      "integrity": "sha1-TPNaQkf2TKPfjC7yCMxJSxyo/C4=",
      "requires": {
        "resolve-from": "2.0.0",
        "semver": "5.5.0"
      }
    },
    "resolve": {
      "version": "1.1.7",
      "resolved": "https://artifactory.mia.ucloud.int/artifactory/api/npm/npm/resolve/-/resolve-1.1.7.tgz",
      "integrity": "sha1-IDEU2CrSxe2ejgQRs5ModeiJ6Xs=",
      "dev": true
    },
    "resolve-from": {
      "version": "2.0.0",
      "resolved": "https://artifactory.mia.ucloud.int/artifactory/api/npm/npm/resolve-from/-/resolve-from-2.0.0.tgz",
      "integrity": "sha1-lICrIOlP+h2egKgEx+oUdhGWa1c="
    },
    "right-align": {
      "version": "0.1.3",
      "resolved": "https://artifactory.mia.ucloud.int/artifactory/api/npm/npm/right-align/-/right-align-0.1.3.tgz",
      "integrity": "sha1-YTObci/mo1FWiSENJOFMlhSGE+8=",
      "dev": true,
      "optional": true,
      "requires": {
        "align-text": "0.1.4"
      }
    },
    "safe-buffer": {
      "version": "5.1.1",
      "resolved": "https://artifactory.mia.ucloud.int/artifactory/api/npm/npm/safe-buffer/-/safe-buffer-5.1.1.tgz",
      "integrity": "sha1-iTMSr2myEj3vcfV4iQAWce6yyFM=",
      "dev": true
    },
    "semver": {
      "version": "5.5.0",
      "resolved": "https://artifactory.mia.ucloud.int/artifactory/api/npm/npm/semver/-/semver-5.5.0.tgz",
      "integrity": "sha1-3Eu8emyp2Rbe5dQ1FvAJK1j3uKs="
    },
    "sliced": {
      "version": "1.0.1",
      "resolved": "https://artifactory.mia.ucloud.int/artifactory/api/npm/npm/sliced/-/sliced-1.0.1.tgz",
      "integrity": "sha1-CzpmK10Ewxd7GSa+qCsD+Dei70E="
    },
    "sntp": {
      "version": "2.1.0",
      "resolved": "https://artifactory.mia.ucloud.int/artifactory/api/npm/npm/sntp/-/sntp-2.1.0.tgz",
      "integrity": "sha1-LGzsFP7cIiJznK+bXD2F0cxaLMg=",
      "dev": true,
      "requires": {
        "hoek": "4.2.0"
      }
    },
    "source-map": {
      "version": "0.2.0",
      "resolved": "https://artifactory.mia.ucloud.int/artifactory/api/npm/npm/source-map/-/source-map-0.2.0.tgz",
      "integrity": "sha1-2rc/vPwrqBm03gO9b26qSBZLP50=",
      "dev": true,
      "optional": true,
      "requires": {
        "amdefine": "1.0.1"
      }
    },
    "sprintf-js": {
      "version": "1.0.3",
      "resolved": "https://artifactory.mia.ucloud.int/artifactory/api/npm/npm/sprintf-js/-/sprintf-js-1.0.3.tgz",
      "integrity": "sha1-BOaSb2YolTVPPdAVIDYzuFcpfiw=",
      "dev": true
    },
    "sshpk": {
      "version": "1.13.1",
      "resolved": "https://artifactory.mia.ucloud.int/artifactory/api/npm/npm/sshpk/-/sshpk-1.13.1.tgz",
      "integrity": "sha1-US322mKHFEMW3EwY/hzx2UBzm+M=",
      "dev": true,
      "requires": {
        "asn1": "0.2.3",
        "assert-plus": "1.0.0",
        "bcrypt-pbkdf": "1.0.1",
        "dashdash": "1.14.1",
        "ecc-jsbn": "0.1.1",
        "getpass": "0.1.7",
        "jsbn": "0.1.1",
        "tweetnacl": "0.14.5"
      }
    },
    "stringstream": {
      "version": "0.0.5",
      "resolved": "https://artifactory.mia.ucloud.int/artifactory/api/npm/npm/stringstream/-/stringstream-0.0.5.tgz",
      "integrity": "sha1-TkhM1N5aC7vuGORjB3EKioFiGHg=",
      "dev": true
    },
    "supports-color": {
      "version": "3.2.3",
      "resolved": "https://artifactory.mia.ucloud.int/artifactory/api/npm/npm/supports-color/-/supports-color-3.2.3.tgz",
      "integrity": "sha1-ZawFBLOVQXHYpklGsq48u4pfVPY=",
      "dev": true,
      "requires": {
        "has-flag": "1.0.0"
      }
    },
    "tough-cookie": {
      "version": "2.3.3",
      "resolved": "https://artifactory.mia.ucloud.int/artifactory/api/npm/npm/tough-cookie/-/tough-cookie-2.3.3.tgz",
      "integrity": "sha1-C2GKVWW23qkL80JdBNVe3EdadWE=",
      "dev": true,
      "requires": {
        "punycode": "1.4.1"
      }
    },
    "tunnel-agent": {
      "version": "0.6.0",
      "resolved": "https://artifactory.mia.ucloud.int/artifactory/api/npm/npm/tunnel-agent/-/tunnel-agent-0.6.0.tgz",
      "integrity": "sha1-J6XeoGs2sEoKmWZ3SykIaPD8QP0=",
      "dev": true,
      "requires": {
        "safe-buffer": "5.1.1"
      }
    },
    "tweetnacl": {
      "version": "0.14.5",
      "resolved": "https://artifactory.mia.ucloud.int/artifactory/api/npm/npm/tweetnacl/-/tweetnacl-0.14.5.tgz",
      "integrity": "sha1-WuaBd/GS1EViadEIr6k/+HQ/T2Q=",
      "dev": true,
      "optional": true
    },
    "type-check": {
      "version": "0.3.2",
      "resolved": "https://artifactory.mia.ucloud.int/artifactory/api/npm/npm/type-check/-/type-check-0.3.2.tgz",
      "integrity": "sha1-WITKtRLPHTVeP7eE8wgEsrUg23I=",
      "dev": true,
      "requires": {
        "prelude-ls": "1.1.2"
      }
    },
    "type-detect": {
      "version": "4.0.8",
      "resolved": "https://artifactory.mia.ucloud.int/artifactory/api/npm/npm/type-detect/-/type-detect-4.0.8.tgz",
      "integrity": "sha1-dkb7XxiHHPu3dJ5pvTmmOI63RQw=",
      "dev": true
    },
    "uglify-js": {
      "version": "2.8.29",
      "resolved": "https://artifactory.mia.ucloud.int/artifactory/api/npm/npm/uglify-js/-/uglify-js-2.8.29.tgz",
      "integrity": "sha1-KcVzMUgFe7Th913zW3qcty5qWd0=",
      "dev": true,
      "optional": true,
      "requires": {
        "source-map": "0.5.7",
        "uglify-to-browserify": "1.0.2",
        "yargs": "3.10.0"
      },
      "dependencies": {
        "source-map": {
          "version": "0.5.7",
          "resolved": "https://artifactory.mia.ucloud.int/artifactory/api/npm/npm/source-map/-/source-map-0.5.7.tgz",
          "integrity": "sha1-igOdLRAh0i0eoUyA2OpGi6LvP8w=",
          "dev": true,
          "optional": true
        }
      }
    },
    "uglify-to-browserify": {
      "version": "1.0.2",
      "resolved": "https://artifactory.mia.ucloud.int/artifactory/api/npm/npm/uglify-to-browserify/-/uglify-to-browserify-1.0.2.tgz",
      "integrity": "sha1-bgkk1r2mta/jSeOabWMoUKD4grc=",
      "dev": true,
      "optional": true
    },
    "uuid": {
      "version": "3.2.1",
      "resolved": "https://artifactory.mia.ucloud.int/artifactory/api/npm/npm/uuid/-/uuid-3.2.1.tgz",
      "integrity": "sha1-EsUou51Y0LkmXZovbw/ovhf/HxQ=",
      "dev": true
    },
    "verror": {
      "version": "1.10.0",
      "resolved": "https://artifactory.mia.ucloud.int/artifactory/api/npm/npm/verror/-/verror-1.10.0.tgz",
      "integrity": "sha1-OhBcoXBTr1XW4nDB+CiGguGNpAA=",
      "dev": true,
      "requires": {
        "assert-plus": "1.0.0",
        "core-util-is": "1.0.2",
        "extsprintf": "1.3.0"
      }
    },
    "which": {
      "version": "1.3.0",
      "resolved": "https://artifactory.mia.ucloud.int/artifactory/api/npm/npm/which/-/which-1.3.0.tgz",
      "integrity": "sha1-/wS9/AEO5UfXgL7DjhrBwnd9JTo=",
      "dev": true,
      "requires": {
        "isexe": "2.0.0"
      }
    },
    "window-size": {
      "version": "0.1.0",
      "resolved": "https://artifactory.mia.ucloud.int/artifactory/api/npm/npm/window-size/-/window-size-0.1.0.tgz",
      "integrity": "sha1-VDjNLqk7IC76Ohn+iIeu58lPnJ0=",
      "dev": true,
      "optional": true
    },
    "wordwrap": {
      "version": "1.0.0",
      "resolved": "https://artifactory.mia.ucloud.int/artifactory/api/npm/npm/wordwrap/-/wordwrap-1.0.0.tgz",
      "integrity": "sha1-J1hIEIkUVqQXHI0CJkQa3pDLyus=",
      "dev": true
    },
    "wrappy": {
      "version": "1.0.2",
      "resolved": "https://artifactory.mia.ucloud.int/artifactory/api/npm/npm/wrappy/-/wrappy-1.0.2.tgz",
      "integrity": "sha1-tSQ9jz7BqjXxNkYFvA0QNuMKtp8=",
      "dev": true
    },
    "yargs": {
      "version": "3.10.0",
      "resolved": "https://artifactory.mia.ucloud.int/artifactory/api/npm/npm/yargs/-/yargs-3.10.0.tgz",
      "integrity": "sha1-9+572FfdfB0tOMDnTvvWgdFDH9E=",
      "dev": true,
      "optional": true,
      "requires": {
        "camelcase": "1.2.1",
        "cliui": "2.1.0",
        "decamelize": "1.2.0",
        "window-size": "0.1.0"
      }
    }
  }
}
